// !$*UTF8*$!
{
	archiveVersion = 1;
	classes = {
	};
	objectVersion = 46;
	objects = {

/* Begin PBXBuildFile section */
		84E7CC601F6F8298005E1965 /* AppDelegate.swift in Sources */ = {isa = PBXBuildFile; fileRef = 84E7CC5F1F6F8298005E1965 /* AppDelegate.swift */; };
		84E7CC621F6F8298005E1965 /* ViewController.swift in Sources */ = {isa = PBXBuildFile; fileRef = 84E7CC611F6F8298005E1965 /* ViewController.swift */; };
		84E7CC651F6F8298005E1965 /* Main.storyboard in Resources */ = {isa = PBXBuildFile; fileRef = 84E7CC631F6F8298005E1965 /* Main.storyboard */; };
		84E7CC671F6F8298005E1965 /* Assets.xcassets in Resources */ = {isa = PBXBuildFile; fileRef = 84E7CC661F6F8298005E1965 /* Assets.xcassets */; };
		84E7CC6A1F6F8298005E1965 /* LaunchScreen.storyboard in Resources */ = {isa = PBXBuildFile; fileRef = 84E7CC681F6F8298005E1965 /* LaunchScreen.storyboard */; };
		84E7CC751F6F8298005E1965 /* sampleXIBTests.swift in Sources */ = {isa = PBXBuildFile; fileRef = 84E7CC741F6F8298005E1965 /* sampleXIBTests.swift */; };
		84E7CC801F6F8298005E1965 /* sampleXIBUITests.swift in Sources */ = {isa = PBXBuildFile; fileRef = 84E7CC7F1F6F8298005E1965 /* sampleXIBUITests.swift */; };
		84E7CC8E1F6F8347005E1965 /* sampleView.swift in Sources */ = {isa = PBXBuildFile; fileRef = 84E7CC8D1F6F8347005E1965 /* sampleView.swift */; };
		84E7CC901F6F8377005E1965 /* sampleView.xib in Resources */ = {isa = PBXBuildFile; fileRef = 84E7CC8F1F6F8377005E1965 /* sampleView.xib */; };
/* End PBXBuildFile section */

/* Begin PBXContainerItemProxy section */
		84E7CC711F6F8298005E1965 /* PBXContainerItemProxy */ = {
			isa = PBXContainerItemProxy;
			containerPortal = 84E7CC541F6F8298005E1965 /* Project object */;
			proxyType = 1;
			remoteGlobalIDString = 84E7CC5B1F6F8298005E1965;
			remoteInfo = sampleXIB;
		};
		84E7CC7C1F6F8298005E1965 /* PBXContainerItemProxy */ = {
			isa = PBXContainerItemProxy;
			containerPortal = 84E7CC541F6F8298005E1965 /* Project object */;
			proxyType = 1;
			remoteGlobalIDString = 84E7CC5B1F6F8298005E1965;
			remoteInfo = sampleXIB;
		};
/* End PBXContainerItemProxy section */

/* Begin PBXFileReference section */
		84E7CC5C1F6F8298005E1965 /* sampleXIB.app */ = {isa = PBXFileReference; explicitFileType = wrapper.application; includeInIndex = 0; path = sampleXIB.app; sourceTree = BUILT_PRODUCTS_DIR; };
		84E7CC5F1F6F8298005E1965 /* AppDelegate.swift */ = {isa = PBXFileReference; lastKnownFileType = sourcecode.swift; path = AppDelegate.swift; sourceTree = "<group>"; };
		84E7CC611F6F8298005E1965 /* ViewController.swift */ = {isa = PBXFileReference; lastKnownFileType = sourcecode.swift; path = ViewController.swift; sourceTree = "<group>"; };
		84E7CC641F6F8298005E1965 /* Base */ = {isa = PBXFileReference; lastKnownFileType = file.storyboard; name = Base; path = Base.lproj/Main.storyboard; sourceTree = "<group>"; };
		84E7CC661F6F8298005E1965 /* Assets.xcassets */ = {isa = PBXFileReference; lastKnownFileType = folder.assetcatalog; path = Assets.xcassets; sourceTree = "<group>"; };
		84E7CC691F6F8298005E1965 /* Base */ = {isa = PBXFileReference; lastKnownFileType = file.storyboard; name = Base; path = Base.lproj/LaunchScreen.storyboard; sourceTree = "<group>"; };
		84E7CC6B1F6F8298005E1965 /* Info.plist */ = {isa = PBXFileReference; lastKnownFileType = text.plist.xml; path = Info.plist; sourceTree = "<group>"; };
		84E7CC701F6F8298005E1965 /* sampleXIBTests.xctest */ = {isa = PBXFileReference; explicitFileType = wrapper.cfbundle; includeInIndex = 0; path = sampleXIBTests.xctest; sourceTree = BUILT_PRODUCTS_DIR; };
		84E7CC741F6F8298005E1965 /* sampleXIBTests.swift */ = {isa = PBXFileReference; lastKnownFileType = sourcecode.swift; path = sampleXIBTests.swift; sourceTree = "<group>"; };
		84E7CC761F6F8298005E1965 /* Info.plist */ = {isa = PBXFileReference; lastKnownFileType = text.plist.xml; path = Info.plist; sourceTree = "<group>"; };
		84E7CC7B1F6F8298005E1965 /* sampleXIBUITests.xctest */ = {isa = PBXFileReference; explicitFileType = wrapper.cfbundle; includeInIndex = 0; path = sampleXIBUITests.xctest; sourceTree = BUILT_PRODUCTS_DIR; };
		84E7CC7F1F6F8298005E1965 /* sampleXIBUITests.swift */ = {isa = PBXFileReference; lastKnownFileType = sourcecode.swift; path = sampleXIBUITests.swift; sourceTree = "<group>"; };
		84E7CC811F6F8298005E1965 /* Info.plist */ = {isa = PBXFileReference; lastKnownFileType = text.plist.xml; path = Info.plist; sourceTree = "<group>"; };
		84E7CC8D1F6F8347005E1965 /* sampleView.swift */ = {isa = PBXFileReference; fileEncoding = 4; lastKnownFileType = sourcecode.swift; path = sampleView.swift; sourceTree = "<group>"; };
		84E7CC8F1F6F8377005E1965 /* sampleView.xib */ = {isa = PBXFileReference; fileEncoding = 4; lastKnownFileType = file.xib; path = sampleView.xib; sourceTree = "<group>"; };
/* End PBXFileReference section */

/* Begin PBXFrameworksBuildPhase section */
		84E7CC591F6F8298005E1965 /* Frameworks */ = {
			isa = PBXFrameworksBuildPhase;
			buildActionMask = 2147483647;
			files = (
			);
			runOnlyForDeploymentPostprocessing = 0;
		};
		84E7CC6D1F6F8298005E1965 /* Frameworks */ = {
			isa = PBXFrameworksBuildPhase;
			buildActionMask = 2147483647;
			files = (
			);
			runOnlyForDeploymentPostprocessing = 0;
		};
		84E7CC781F6F8298005E1965 /* Frameworks */ = {
			isa = PBXFrameworksBuildPhase;
			buildActionMask = 2147483647;
			files = (
			);
			runOnlyForDeploymentPostprocessing = 0;
		};
/* End PBXFrameworksBuildPhase section */

/* Begin PBXGroup section */
		84E7CC531F6F8298005E1965 = {
			isa = PBXGroup;
			children = (
				84E7CC5E1F6F8298005E1965 /* sampleXIB */,
				84E7CC731F6F8298005E1965 /* sampleXIBTests */,
				84E7CC7E1F6F8298005E1965 /* sampleXIBUITests */,
				84E7CC5D1F6F8298005E1965 /* Products */,
			);
			sourceTree = "<group>";
		};
		84E7CC5D1F6F8298005E1965 /* Products */ = {
			isa = PBXGroup;
			children = (
				84E7CC5C1F6F8298005E1965 /* sampleXIB.app */,
				84E7CC701F6F8298005E1965 /* sampleXIBTests.xctest */,
				84E7CC7B1F6F8298005E1965 /* sampleXIBUITests.xctest */,
			);
			name = Products;
			sourceTree = "<group>";
		};
		84E7CC5E1F6F8298005E1965 /* sampleXIB */ = {
			isa = PBXGroup;
			children = (
				84E7CC5F1F6F8298005E1965 /* AppDelegate.swift */,
				84E7CC611F6F8298005E1965 /* ViewController.swift */,
				84E7CC631F6F8298005E1965 /* Main.storyboard */,
				84E7CC8D1F6F8347005E1965 /* sampleView.swift */,
				84E7CC8F1F6F8377005E1965 /* sampleView.xib */,
				84E7CC661F6F8298005E1965 /* Assets.xcassets */,
				84E7CC681F6F8298005E1965 /* LaunchScreen.storyboard */,
				84E7CC6B1F6F8298005E1965 /* Info.plist */,
			);
			path = sampleXIB;
			sourceTree = "<group>";
		};
		84E7CC731F6F8298005E1965 /* sampleXIBTests */ = {
			isa = PBXGroup;
			children = (
				84E7CC741F6F8298005E1965 /* sampleXIBTests.swift */,
				84E7CC761F6F8298005E1965 /* Info.plist */,
			);
			path = sampleXIBTests;
			sourceTree = "<group>";
		};
		84E7CC7E1F6F8298005E1965 /* sampleXIBUITests */ = {
			isa = PBXGroup;
			children = (
				84E7CC7F1F6F8298005E1965 /* sampleXIBUITests.swift */,
				84E7CC811F6F8298005E1965 /* Info.plist */,
			);
			path = sampleXIBUITests;
			sourceTree = "<group>";
		};
/* End PBXGroup section */

/* Begin PBXNativeTarget section */
		84E7CC5B1F6F8298005E1965 /* sampleXIB */ = {
			isa = PBXNativeTarget;
			buildConfigurationList = 84E7CC841F6F8298005E1965 /* Build configuration list for PBXNativeTarget "sampleXIB" */;
			buildPhases = (
				84E7CC581F6F8298005E1965 /* Sources */,
				84E7CC591F6F8298005E1965 /* Frameworks */,
				84E7CC5A1F6F8298005E1965 /* Resources */,
			);
			buildRules = (
			);
			dependencies = (
			);
			name = sampleXIB;
			productName = sampleXIB;
			productReference = 84E7CC5C1F6F8298005E1965 /* sampleXIB.app */;
			productType = "com.apple.product-type.application";
		};
		84E7CC6F1F6F8298005E1965 /* sampleXIBTests */ = {
			isa = PBXNativeTarget;
			buildConfigurationList = 84E7CC871F6F8298005E1965 /* Build configuration list for PBXNativeTarget "sampleXIBTests" */;
			buildPhases = (
				84E7CC6C1F6F8298005E1965 /* Sources */,
				84E7CC6D1F6F8298005E1965 /* Frameworks */,
				84E7CC6E1F6F8298005E1965 /* Resources */,
			);
			buildRules = (
			);
			dependencies = (
				84E7CC721F6F8298005E1965 /* PBXTargetDependency */,
			);
			name = sampleXIBTests;
			productName = sampleXIBTests;
			productReference = 84E7CC701F6F8298005E1965 /* sampleXIBTests.xctest */;
			productType = "com.apple.product-type.bundle.unit-test";
		};
		84E7CC7A1F6F8298005E1965 /* sampleXIBUITests */ = {
			isa = PBXNativeTarget;
			buildConfigurationList = 84E7CC8A1F6F8298005E1965 /* Build configuration list for PBXNativeTarget "sampleXIBUITests" */;
			buildPhases = (
				84E7CC771F6F8298005E1965 /* Sources */,
				84E7CC781F6F8298005E1965 /* Frameworks */,
				84E7CC791F6F8298005E1965 /* Resources */,
			);
			buildRules = (
			);
			dependencies = (
				84E7CC7D1F6F8298005E1965 /* PBXTargetDependency */,
			);
			name = sampleXIBUITests;
			productName = sampleXIBUITests;
			productReference = 84E7CC7B1F6F8298005E1965 /* sampleXIBUITests.xctest */;
			productType = "com.apple.product-type.bundle.ui-testing";
		};
/* End PBXNativeTarget section */

/* Begin PBXProject section */
		84E7CC541F6F8298005E1965 /* Project object */ = {
			isa = PBXProject;
			attributes = {
				LastSwiftUpdateCheck = 0830;
				LastUpgradeCheck = 0830;
				ORGANIZATIONNAME = sachiko;
				TargetAttributes = {
					84E7CC5B1F6F8298005E1965 = {
						CreatedOnToolsVersion = 8.3.2;
						DevelopmentTeam = 5BS3A226T4;
						ProvisioningStyle = Automatic;
					};
					84E7CC6F1F6F8298005E1965 = {
						CreatedOnToolsVersion = 8.3.2;
						DevelopmentTeam = 5BS3A226T4;
						ProvisioningStyle = Automatic;
						TestTargetID = 84E7CC5B1F6F8298005E1965;
					};
					84E7CC7A1F6F8298005E1965 = {
						CreatedOnToolsVersion = 8.3.2;
						DevelopmentTeam = 5BS3A226T4;
						ProvisioningStyle = Automatic;
						TestTargetID = 84E7CC5B1F6F8298005E1965;
					};
				};
			};
			buildConfigurationList = 84E7CC571F6F8298005E1965 /* Build configuration list for PBXProject "sampleXIB" */;
			compatibilityVersion = "Xcode 3.2";
			developmentRegion = English;
			hasScannedForEncodings = 0;
			knownRegions = (
				en,
				Base,
			);
			mainGroup = 84E7CC531F6F8298005E1965;
			productRefGroup = 84E7CC5D1F6F8298005E1965 /* Products */;
			projectDirPath = "";
			projectRoot = "";
			targets = (
				84E7CC5B1F6F8298005E1965 /* sampleXIB */,
				84E7CC6F1F6F8298005E1965 /* sampleXIBTests */,
				84E7CC7A1F6F8298005E1965 /* sampleXIBUITests */,
			);
		};
/* End PBXProject section */

/* Begin PBXResourcesBuildPhase section */
		84E7CC5A1F6F8298005E1965 /* Resources */ = {
			isa = PBXResourcesBuildPhase;
			buildActionMask = 2147483647;
			files = (
				84E7CC901F6F8377005E1965 /* sampleView.xib in Resources */,
				84E7CC6A1F6F8298005E1965 /* LaunchScreen.storyboard in Resources */,
				84E7CC671F6F8298005E1965 /* Assets.xcassets in Resources */,
				84E7CC651F6F8298005E1965 /* Main.storyboard in Resources */,
			);
			runOnlyForDeploymentPostprocessing = 0;
		};
		84E7CC6E1F6F8298005E1965 /* Resources */ = {
			isa = PBXResourcesBuildPhase;
			buildActionMask = 2147483647;
			files = (
			);
			runOnlyForDeploymentPostprocessing = 0;
		};
		84E7CC791F6F8298005E1965 /* Resources */ = {
			isa = PBXResourcesBuildPhase;
			buildActionMask = 2147483647;
			files = (
			);
			runOnlyForDeploymentPostprocessing = 0;
		};
/* End PBXResourcesBuildPhase section */

/* Begin PBXSourcesBuildPhase section */
		84E7CC581F6F8298005E1965 /* Sources */ = {
			isa = PBXSourcesBuildPhase;
			buildActionMask = 2147483647;
			files = (
				84E7CC8E1F6F8347005E1965 /* sampleView.swift in Sources */,
				84E7CC621F6F8298005E1965 /* ViewController.swift in Sources */,
				84E7CC601F6F8298005E1965 /* AppDelegate.swift in Sources */,
			);
			runOnlyForDeploymentPostprocessing = 0;
		};
		84E7CC6C1F6F8298005E1965 /* Sources */ = {
			isa = PBXSourcesBuildPhase;
			buildActionMask = 2147483647;
			files = (
				84E7CC751F6F8298005E1965 /* sampleXIBTests.swift in Sources */,
			);
			runOnlyForDeploymentPostprocessing = 0;
		};
		84E7CC771F6F8298005E1965 /* Sources */ = {
			isa = PBXSourcesBuildPhase;
			buildActionMask = 2147483647;
			files = (
				84E7CC801F6F8298005E1965 /* sampleXIBUITests.swift in Sources */,
			);
			runOnlyForDeploymentPostprocessing = 0;
		};
/* End PBXSourcesBuildPhase section */

/* Begin PBXTargetDependency section */
		84E7CC721F6F8298005E1965 /* PBXTargetDependency */ = {
			isa = PBXTargetDependency;
			target = 84E7CC5B1F6F8298005E1965 /* sampleXIB */;
			targetProxy = 84E7CC711F6F8298005E1965 /* PBXContainerItemProxy */;
		};
		84E7CC7D1F6F8298005E1965 /* PBXTargetDependency */ = {
			isa = PBXTargetDependency;
			target = 84E7CC5B1F6F8298005E1965 /* sampleXIB */;
			targetProxy = 84E7CC7C1F6F8298005E1965 /* PBXContainerItemProxy */;
		};
/* End PBXTargetDependency section */

/* Begin PBXVariantGroup section */
		84E7CC631F6F8298005E1965 /* Main.storyboard */ = {
			isa = PBXVariantGroup;
			children = (
				84E7CC641F6F8298005E1965 /* Base */,
			);
			name = Main.storyboard;
			sourceTree = "<group>";
		};
		84E7CC681F6F8298005E1965 /* LaunchScreen.storyboard */ = {
			isa = PBXVariantGroup;
			children = (
				84E7CC691F6F8298005E1965 /* Base */,
			);
			name = LaunchScreen.storyboard;
			sourceTree = "<group>";
		};
/* End PBXVariantGroup section */

/* Begin XCBuildConfiguration section */
		84E7CC821F6F8298005E1965 /* Debug */ = {
			isa = XCBuildConfiguration;
			buildSettings = {
				ALWAYS_SEARCH_USER_PATHS = NO;
				CLANG_ANALYZER_NONNULL = YES;
				CLANG_ANALYZER_NUMBER_OBJECT_CONVERSION = YES_AGGRESSIVE;
				CLANG_CXX_LANGUAGE_STANDARD = "gnu++0x";
				CLANG_CXX_LIBRARY = "libc++";
				CLANG_ENABLE_MODULES = YES;
				CLANG_ENABLE_OBJC_ARC = YES;
				CLANG_WARN_BOOL_CONVERSION = YES;
				CLANG_WARN_CONSTANT_CONVERSION = YES;
				CLANG_WARN_DIRECT_OBJC_ISA_USAGE = YES_ERROR;
				CLANG_WARN_DOCUMENTATION_COMMENTS = YES;
				CLANG_WARN_EMPTY_BODY = YES;
				CLANG_WARN_ENUM_CONVERSION = YES;
				CLANG_WARN_INFINITE_RECURSION = YES;
				CLANG_WARN_INT_CONVERSION = YES;
				CLANG_WARN_OBJC_ROOT_CLASS = YES_ERROR;
				CLANG_WARN_SUSPICIOUS_MOVE = YES;
				CLANG_WARN_UNREACHABLE_CODE = YES;
				CLANG_WARN__DUPLICATE_METHOD_MATCH = YES;
				"CODE_SIGN_IDENTITY[sdk=iphoneos*]" = "iPhone Developer";
				COPY_PHASE_STRIP = NO;
				DEBUG_INFORMATION_FORMAT = dwarf;
				ENABLE_STRICT_OBJC_MSGSEND = YES;
				ENABLE_TESTABILITY = YES;
				GCC_C_LANGUAGE_STANDARD = gnu99;
				GCC_DYNAMIC_NO_PIC = NO;
				GCC_NO_COMMON_BLOCKS = YES;
				GCC_OPTIMIZATION_LEVEL = 0;
				GCC_PREPROCESSOR_DEFINITIONS = (
					"DEBUG=1",
					"$(inherited)",
				);
				GCC_WARN_64_TO_32_BIT_CONVERSION = YES;
				GCC_WARN_ABOUT_RETURN_TYPE = YES_ERROR;
				GCC_WARN_UNDECLARED_SELECTOR = YES;
				GCC_WARN_UNINITIALIZED_AUTOS = YES_AGGRESSIVE;
				GCC_WARN_UNUSED_FUNCTION = YES;
				GCC_WARN_UNUSED_VARIABLE = YES;
				IPHONEOS_DEPLOYMENT_TARGET = 10.3;
				MTL_ENABLE_DEBUG_INFO = YES;
				ONLY_ACTIVE_ARCH = YES;
				SDKROOT = iphoneos;
				SWIFT_ACTIVE_COMPILATION_CONDITIONS = DEBUG;
				SWIFT_OPTIMIZATION_LEVEL = "-Onone";
			};
			name = Debug;
		};
		84E7CC831F6F8298005E1965 /* Release */ = {
			isa = XCBuildConfiguration;
			buildSettings = {
				ALWAYS_SEARCH_USER_PATHS = NO;
				CLANG_ANALYZER_NONNULL = YES;
				CLANG_ANALYZER_NUMBER_OBJECT_CONVERSION = YES_AGGRESSIVE;
				CLANG_CXX_LANGUAGE_STANDARD = "gnu++0x";
				CLANG_CXX_LIBRARY = "libc++";
				CLANG_ENABLE_MODULES = YES;
				CLANG_ENABLE_OBJC_ARC = YES;
				CLANG_WARN_BOOL_CONVERSION = YES;
				CLANG_WARN_CONSTANT_CONVERSION = YES;
				CLANG_WARN_DIRECT_OBJC_ISA_USAGE = YES_ERROR;
				CLANG_WARN_DOCUMENTATION_COMMENTS = YES;
				CLANG_WARN_EMPTY_BODY = YES;
				CLANG_WARN_ENUM_CONVERSION = YES;
				CLANG_WARN_INFINITE_RECURSION = YES;
				CLANG_WARN_INT_CONVERSION = YES;
				CLANG_WARN_OBJC_ROOT_CLASS = YES_ERROR;
				CLANG_WARN_SUSPICIOUS_MOVE = YES;
				CLANG_WARN_UNREACHABLE_CODE = YES;
				CLANG_WARN__DUPLICATE_METHOD_MATCH = YES;
				"CODE_SIGN_IDENTITY[sdk=iphoneos*]" = "iPhone Developer";
				COPY_PHASE_STRIP = NO;
				DEBUG_INFORMATION_FORMAT = "dwarf-with-dsym";
				ENABLE_NS_ASSERTIONS = NO;
				ENABLE_STRICT_OBJC_MSGSEND = YES;
				GCC_C_LANGUAGE_STANDARD = gnu99;
				GCC_NO_COMMON_BLOCKS = YES;
				GCC_WARN_64_TO_32_BIT_CONVERSION = YES;
				GCC_WARN_ABOUT_RETURN_TYPE = YES_ERROR;
				GCC_WARN_UNDECLARED_SELECTOR = YES;
				GCC_WARN_UNINITIALIZED_AUTOS = YES_AGGRESSIVE;
				GCC_WARN_UNUSED_FUNCTION = YES;
				GCC_WARN_UNUSED_VARIABLE = YES;
				IPHONEOS_DEPLOYMENT_TARGET = 10.3;
				MTL_ENABLE_DEBUG_INFO = NO;
				SDKROOT = iphoneos;
				SWIFT_OPTIMIZATION_LEVEL = "-Owholemodule";
				VALIDATE_PRODUCT = YES;
			};
			name = Release;
		};
		84E7CC851F6F8298005E1965 /* Debug */ = {
			isa = XCBuildConfiguration;
			buildSettings = {
				ASSETCATALOG_COMPILER_APPICON_NAME = AppIcon;
				DEVELOPMENT_TEAM = 5BS3A226T4;
				INFOPLIST_FILE = sampleXIB/Info.plist;
				LD_RUNPATH_SEARCH_PATHS = "$(inherited) @executable_path/Frameworks";
				PRODUCT_BUNDLE_IDENTIFIER = com.sachiko.sampleXIB;
				PRODUCT_NAME = "$(TARGET_NAME)";
				SWIFT_VERSION = 3.0;
			};
			name = Debug;
		};
		84E7CC861F6F8298005E1965 /* Release */ = {
			isa = XCBuildConfiguration;
			buildSettings = {
				ASSETCATALOG_COMPILER_APPICON_NAME = AppIcon;
				DEVELOPMENT_TEAM = 5BS3A226T4;
				INFOPLIST_FILE = sampleXIB/Info.plist;
				LD_RUNPATH_SEARCH_PATHS = "$(inherited) @executable_path/Frameworks";
				PRODUCT_BUNDLE_IDENTIFIER = com.sachiko.sampleXIB;
				PRODUCT_NAME = "$(TARGET_NAME)";
				SWIFT_VERSION = 3.0;
			};
			name = Release;
		};
		84E7CC881F6F8298005E1965 /* Debug */ = {
			isa = XCBuildConfiguration;
			buildSettings = {
				ALWAYS_EMBED_SWIFT_STANDARD_LIBRARIES = YES;
				BUNDLE_LOADER = "$(TEST_HOST)";
				DEVELOPMENT_TEAM = 5BS3A226T4;
				INFOPLIST_FILE = sampleXIBTests/Info.plist;
				LD_RUNPATH_SEARCH_PATHS = "$(inherited) @executable_path/Frameworks @loader_path/Frameworks";
				PRODUCT_BUNDLE_IDENTIFIER = com.sachiko.sampleXIBTests;
				PRODUCT_NAME = "$(TARGET_NAME)";
				SWIFT_VERSION = 3.0;
				TEST_HOST = "$(BUILT_PRODUCTS_DIR)/sampleXIB.app/sampleXIB";
			};
			name = Debug;
		};
		84E7CC891F6F8298005E1965 /* Release */ = {
			isa = XCBuildConfiguration;
			buildSettings = {
				ALWAYS_EMBED_SWIFT_STANDARD_LIBRARIES = YES;
				BUNDLE_LOADER = "$(TEST_HOST)";
				DEVELOPMENT_TEAM = 5BS3A226T4;
				INFOPLIST_FILE = sampleXIBTests/Info.plist;
				LD_RUNPATH_SEARCH_PATHS = "$(inherited) @executable_path/Frameworks @loader_path/Frameworks";
				PRODUCT_BUNDLE_IDENTIFIER = com.sachiko.sampleXIBTests;
				PRODUCT_NAME = "$(TARGET_NAME)";
				SWIFT_VERSION = 3.0;
				TEST_HOST = "$(BUILT_PRODUCTS_DIR)/sampleXIB.app/sampleXIB";
			};
			name = Release;
		};
		84E7CC8B1F6F8298005E1965 /* Debug */ = {
			isa = XCBuildConfiguration;
			buildSettings = {
				ALWAYS_EMBED_SWIFT_STANDARD_LIBRARIES = YES;
				DEVELOPMENT_TEAM = 5BS3A226T4;
				INFOPLIST_FILE = sampleXIBUITests/Info.plist;
				LD_RUNPATH_SEARCH_PATHS = "$(inherited) @executable_path/Frameworks @loader_path/Frameworks";
				PRODUCT_BUNDLE_IDENTIFIER = com.sachiko.sampleXIBUITests;
				PRODUCT_NAME = "$(TARGET_NAME)";
				SWIFT_VERSION = 3.0;
				TEST_TARGET_NAME = sampleXIB;
			};
			name = Debug;
		};
		84E7CC8C1F6F8298005E1965 /* Release */ = {
			isa = XCBuildConfiguration;
			buildSettings = {
				ALWAYS_EMBED_SWIFT_STANDARD_LIBRARIES = YES;
				DEVELOPMENT_TEAM = 5BS3A226T4;
				INFOPLIST_FILE = sampleXIBUITests/Info.plist;
				LD_RUNPATH_SEARCH_PATHS = "$(inherited) @executable_path/Frameworks @loader_path/Frameworks";
				PRODUCT_BUNDLE_IDENTIFIER = com.sachiko.sampleXIBUITests;
				PRODUCT_NAME = "$(TARGET_NAME)";
				SWIFT_VERSION = 3.0;
				TEST_TARGET_NAME = sampleXIB;
			};
			name = Release;
		};
/* End XCBuildConfiguration section */

/* Begin XCConfigurationList section */
		84E7CC571F6F8298005E1965 /* Build configuration list for PBXProject "sampleXIB" */ = {
			isa = XCConfigurationList;
			buildConfigurations = (
				84E7CC821F6F8298005E1965 /* Debug */,
				84E7CC831F6F8298005E1965 /* Release */,
			);
			defaultConfigurationIsVisible = 0;
			defaultConfigurationName = Release;
		};
		84E7CC841F6F8298005E1965 /* Build configuration list for PBXNativeTarget "sampleXIB" */ = {
			isa = XCConfigurationList;
			buildConfigurations = (
				84E7CC851F6F8298005E1965 /* Debug */,
				84E7CC861F6F8298005E1965 /* Release */,
			);
			defaultConfigurationIsVisible = 0;
		};
		84E7CC871F6F8298005E1965 /* Build configuration list for PBXNativeTarget "sampleXIBTests" */ = {
			isa = XCConfigurationList;
			buildConfigurations = (
				84E7CC881F6F8298005E1965 /* Debug */,
				84E7CC891F6F8298005E1965 /* Release */,
			);
			defaultConfigurationIsVisible = 0;
		};
		84E7CC8A1F6F8298005E1965 /* Build configuration list for PBXNativeTarget "sampleXIBUITests" */ = {
			isa = XCConfigurationList;
			buildConfigurations = (
				84E7CC8B1F6F8298005E1965 /* Debug */,
				84E7CC8C1F6F8298005E1965 /* Release */,
			);
			defaultConfigurationIsVisible = 0;
		};
/* End XCConfigurationList section */
	};
	rootObject = 84E7CC541F6F8298005E1965 /* Project object */;
}
